
Microsoft Visual Studio Solution File, Format Version 12.00
# Visual Studio 15
VisualStudioVersion = 15.0.27703.2018
MinimumVisualStudioVersion = 10.0.40219.1
Project("{8BC9CEB8-8B4A-11D0-8D11-00A0C91BC942}") = "Form Plex", "Form Plex\Form Plex.vcxproj", "{C6B277FE-60EC-4803-8462-3D242059F11C}"
EndProject
Global
	GlobalSection(SolutionConfigurationPlatforms) = preSolution
		Debug|x64 = Debug|x64
		Debug|x86 = Debug|x86
		Release|x64 = Release|x64
		Release|x86 = Release|x86
	EndGlobalSection
	GlobalSection(ProjectConfigurationPlatforms) = postSolution
		{C6B277FE-60EC-4803-8462-3D242059F11C}.Debug|x64.ActiveCfg = Debug|x64
		{C6B277FE-60EC-4803-8462-3D242059F11C}.Debug|x64.Build.0 = Debug|x64
		{C6B277FE-60EC-4803-8462-3D242059F11C}.Debug|x86.ActiveCfg = Debug|Win32
		{C6B277FE-60EC-4803-8462-3D242059F11C}.Debug|x86.Build.0 = Debug|Win32
		{C6B277FE-60EC-4803-8462-3D242059F11C}.Release|x64.ActiveCfg = Release|x64
		{C6B277FE-60EC-4803-8462-3D242059F11C}.Release|x64.Build.0 = Release|x64
		{C6B277FE-60EC-4803-8462-3D242059F11C}.Release|x86.ActiveCfg = Release|Win32
		{C6B277FE-60EC-4803-8462-3D242059F11C}.Release|x86.Build.0 = Release|Win32
	EndGlobalSection
	GlobalSection(SolutionProperties) = preSolution
		HideSolutionNode = FALSE
	EndGlobalSection
	GlobalSection(ExtensibilityGlobals) = postSolution
		SolutionGuid = {1C20C717-FBD0-4E51-90EA-5C2DE1B8B813}
	EndGlobalSection
EndGlobal
